// !$*UTF8*$!
{
	archiveVersion = 1;
	classes = {
	};
	objectVersion = 52;
	objects = {

/* Begin PBXBuildFile section */
		37EEA40D2435143600750CDB /* AppDelegate.swift in Sources */ = {isa = PBXBuildFile; fileRef = 37EEA40C2435143600750CDB /* AppDelegate.swift */; };
		37EEA40F2435143600750CDB /* SceneDelegate.swift in Sources */ = {isa = PBXBuildFile; fileRef = 37EEA40E2435143600750CDB /* SceneDelegate.swift */; };
		37EEA4112435143600750CDB /* ViewController.swift in Sources */ = {isa = PBXBuildFile; fileRef = 37EEA4102435143600750CDB /* ViewController.swift */; };
		37EEA4142435143600750CDB /* Main.storyboard in Resources */ = {isa = PBXBuildFile; fileRef = 37EEA4122435143600750CDB /* Main.storyboard */; };
		37EEA4162435143700750CDB /* Assets.xcassets in Resources */ = {isa = PBXBuildFile; fileRef = 37EEA4152435143700750CDB /* Assets.xcassets */; };
		37EEA4192435143700750CDB /* LaunchScreen.storyboard in Resources */ = {isa = PBXBuildFile; fileRef = 37EEA4172435143700750CDB /* LaunchScreen.storyboard */; };
		37F8488E243515D80078042B /* Camera.swift in Sources */ = {isa = PBXBuildFile; fileRef = 37F8488D243515D80078042B /* Camera.swift */; };
		6AB243982946914E005F7A79 /* GangstureHandModel.mlmodel in Sources */ = {isa = PBXBuildFile; fileRef = 6AB243972946914E005F7A79 /* GangstureHandModel.mlmodel */; };
		6AB2439A29478874005F7A79 /* HandLandmarkTrackingGpu.swift in Sources */ = {isa = PBXBuildFile; fileRef = 6AB2439929478874005F7A79 /* HandLandmarkTrackingGpu.swift */; };
		6AB2439C294788E6005F7A79 /* PacketReceiver.swift in Sources */ = {isa = PBXBuildFile; fileRef = 6AB2439B294788E6005F7A79 /* PacketReceiver.swift */; };
		6AB2439F29478B42005F7A79 /* TelloSwift in Frameworks */ = {isa = PBXBuildFile; productRef = 6AB2439E29478B42005F7A79 /* TelloSwift */; };
		6AB243A129478BAB005F7A79 /* TelloVideoH264Decoder.swift in Sources */ = {isa = PBXBuildFile; fileRef = 6AB243A029478BAB005F7A79 /* TelloVideoH264Decoder.swift */; };
		6AB243A32947B0CE005F7A79 /* GangstureModel.mlmodel in Sources */ = {isa = PBXBuildFile; fileRef = 6AB243A22947B0CD005F7A79 /* GangstureModel.mlmodel */; };
/* End PBXBuildFile section */

/* Begin PBXCopyFilesBuildPhase section */
		37F84888243515500078042B /* Embed Frameworks */ = {
			isa = PBXCopyFilesBuildPhase;
			buildActionMask = 2147483647;
			dstPath = "";
			dstSubfolderSpec = 10;
			files = (
			);
			name = "Embed Frameworks";
			runOnlyForDeploymentPostprocessing = 0;
		};
/* End PBXCopyFilesBuildPhase section */

/* Begin PBXFileReference section */
		37EEA4092435143600750CDB /* Example.app */ = {isa = PBXFileReference; explicitFileType = wrapper.application; includeInIndex = 0; path = Example.app; sourceTree = BUILT_PRODUCTS_DIR; };
		37EEA40C2435143600750CDB /* AppDelegate.swift */ = {isa = PBXFileReference; lastKnownFileType = sourcecode.swift; path = AppDelegate.swift; sourceTree = "<group>"; };
		37EEA40E2435143600750CDB /* SceneDelegate.swift */ = {isa = PBXFileReference; lastKnownFileType = sourcecode.swift; path = SceneDelegate.swift; sourceTree = "<group>"; };
		37EEA4102435143600750CDB /* ViewController.swift */ = {isa = PBXFileReference; lastKnownFileType = sourcecode.swift; path = ViewController.swift; sourceTree = "<group>"; };
		37EEA4132435143600750CDB /* Base */ = {isa = PBXFileReference; lastKnownFileType = file.storyboard; name = Base; path = Base.lproj/Main.storyboard; sourceTree = "<group>"; };
		37EEA4152435143700750CDB /* Assets.xcassets */ = {isa = PBXFileReference; lastKnownFileType = folder.assetcatalog; path = Assets.xcassets; sourceTree = "<group>"; };
		37EEA4182435143700750CDB /* Base */ = {isa = PBXFileReference; lastKnownFileType = file.storyboard; name = Base; path = Base.lproj/LaunchScreen.storyboard; sourceTree = "<group>"; };
		37EEA41A2435143700750CDB /* Info.plist */ = {isa = PBXFileReference; lastKnownFileType = text.plist.xml; path = Info.plist; sourceTree = "<group>"; };
		37F8488D243515D80078042B /* Camera.swift */ = {isa = PBXFileReference; lastKnownFileType = sourcecode.swift; path = Camera.swift; sourceTree = "<group>"; };
		6AB243972946914E005F7A79 /* GangstureHandModel.mlmodel */ = {isa = PBXFileReference; lastKnownFileType = file.mlmodel; path = GangstureHandModel.mlmodel; sourceTree = "<group>"; };
		6AB2439929478874005F7A79 /* HandLandmarkTrackingGpu.swift */ = {isa = PBXFileReference; lastKnownFileType = sourcecode.swift; path = HandLandmarkTrackingGpu.swift; sourceTree = "<group>"; };
		6AB2439B294788E6005F7A79 /* PacketReceiver.swift */ = {isa = PBXFileReference; lastKnownFileType = sourcecode.swift; path = PacketReceiver.swift; sourceTree = "<group>"; };
		6AB243A029478BAB005F7A79 /* TelloVideoH264Decoder.swift */ = {isa = PBXFileReference; lastKnownFileType = sourcecode.swift; path = TelloVideoH264Decoder.swift; sourceTree = "<group>"; };
		6AB243A22947B0CD005F7A79 /* GangstureModel.mlmodel */ = {isa = PBXFileReference; lastKnownFileType = file.mlmodel; path = GangstureModel.mlmodel; sourceTree = "<group>"; };
		6AB243A429485D64005F7A79 /* ExampleDebug.entitlements */ = {isa = PBXFileReference; lastKnownFileType = text.plist.entitlements; path = ExampleDebug.entitlements; sourceTree = "<group>"; };
		A044C3E52F7E9F119AA10B33 /* Pods-Example.debug.xcconfig */ = {isa = PBXFileReference; includeInIndex = 1; lastKnownFileType = text.xcconfig; name = "Pods-Example.debug.xcconfig"; path = "Target Support Files/Pods-Example/Pods-Example.debug.xcconfig"; sourceTree = "<group>"; };
		CD79B9A1357C0D0A1DD28571 /* Pods-Example.release.xcconfig */ = {isa = PBXFileReference; includeInIndex = 1; lastKnownFileType = text.xcconfig; name = "Pods-Example.release.xcconfig"; path = "Target Support Files/Pods-Example/Pods-Example.release.xcconfig"; sourceTree = "<group>"; };
/* End PBXFileReference section */

/* Begin PBXFrameworksBuildPhase section */
		37EEA4062435143600750CDB /* Frameworks */ = {
			isa = PBXFrameworksBuildPhase;
			buildActionMask = 2147483647;
			files = (
				6AB2439F29478B42005F7A79 /* TelloSwift in Frameworks */,
			);
			runOnlyForDeploymentPostprocessing = 0;
		};
/* End PBXFrameworksBuildPhase section */

/* Begin PBXGroup section */
		37EEA4002435143600750CDB = {
			isa = PBXGroup;
			children = (
				37EEA40B2435143600750CDB /* Example */,
				37EEA40A2435143600750CDB /* Products */,
				37F84884243515500078042B /* Frameworks */,
				56181F0EBEEC959B004A5D67 /* Pods */,
			);
			sourceTree = "<group>";
		};
		37EEA40A2435143600750CDB /* Products */ = {
			isa = PBXGroup;
			children = (
				37EEA4092435143600750CDB /* Example.app */,
			);
			name = Products;
			sourceTree = "<group>";
		};
		37EEA40B2435143600750CDB /* Example */ = {
			isa = PBXGroup;
			children = (
				6AB243A429485D64005F7A79 /* ExampleDebug.entitlements */,
				37EEA40C2435143600750CDB /* AppDelegate.swift */,
				37EEA40E2435143600750CDB /* SceneDelegate.swift */,
				37EEA4102435143600750CDB /* ViewController.swift */,
				6AB2439929478874005F7A79 /* HandLandmarkTrackingGpu.swift */,
				37EEA4122435143600750CDB /* Main.storyboard */,
				37EEA4152435143700750CDB /* Assets.xcassets */,
				37EEA4172435143700750CDB /* LaunchScreen.storyboard */,
				37EEA41A2435143700750CDB /* Info.plist */,
				6AB243972946914E005F7A79 /* GangstureHandModel.mlmodel */,
				6AB243A22947B0CD005F7A79 /* GangstureModel.mlmodel */,
				37F8488D243515D80078042B /* Camera.swift */,
				6AB2439B294788E6005F7A79 /* PacketReceiver.swift */,
				6AB243A029478BAB005F7A79 /* TelloVideoH264Decoder.swift */,
			);
			path = Example;
			sourceTree = "<group>";
		};
		37F84884243515500078042B /* Frameworks */ = {
			isa = PBXGroup;
			children = (
			);
			name = Frameworks;
			sourceTree = "<group>";
		};
		56181F0EBEEC959B004A5D67 /* Pods */ = {
			isa = PBXGroup;
			children = (
				A044C3E52F7E9F119AA10B33 /* Pods-Example.debug.xcconfig */,
				CD79B9A1357C0D0A1DD28571 /* Pods-Example.release.xcconfig */,
			);
			path = Pods;
			sourceTree = "<group>";
		};
/* End PBXGroup section */

/* Begin PBXNativeTarget section */
		37EEA4082435143600750CDB /* Example */ = {
			isa = PBXNativeTarget;
			buildConfigurationList = 37EEA41D2435143700750CDB /* Build configuration list for PBXNativeTarget "Example" */;
			buildPhases = (
				C5D75D4CE908897F92040874 /* [CP] Check Pods Manifest.lock */,
				37EEA4052435143600750CDB /* Sources */,
				37EEA4062435143600750CDB /* Frameworks */,
				37EEA4072435143600750CDB /* Resources */,
				37F84888243515500078042B /* Embed Frameworks */,
				E85A59B124B8E95CA7B3CF27 /* [CP] Embed Pods Frameworks */,
			);
			buildRules = (
			);
			dependencies = (
			);
			name = Example;
			packageProductDependencies = (
				6AB2439E29478B42005F7A79 /* TelloSwift */,
			);
			productName = Example;
			productReference = 37EEA4092435143600750CDB /* Example.app */;
			productType = "com.apple.product-type.application";
		};
/* End PBXNativeTarget section */

/* Begin PBXProject section */
		37EEA4012435143600750CDB /* Project object */ = {
			isa = PBXProject;
			attributes = {
				LastSwiftUpdateCheck = 1140;
				LastUpgradeCheck = 1140;
				ORGANIZATIONNAME = "Tomoya Hirano";
				TargetAttributes = {
					37EEA4082435143600750CDB = {
						CreatedOnToolsVersion = 11.4;
						LastSwiftMigration = 1140;
					};
				};
			};
			buildConfigurationList = 37EEA4042435143600750CDB /* Build configuration list for PBXProject "Example" */;
			compatibilityVersion = "Xcode 9.3";
			developmentRegion = en;
			hasScannedForEncodings = 0;
			knownRegions = (
				en,
				Base,
			);
			mainGroup = 37EEA4002435143600750CDB;
			packageReferences = (
				6AB2439D29478B42005F7A79 /* XCRemoteSwiftPackageReference "TelloSwift" */,
			);
			productRefGroup = 37EEA40A2435143600750CDB /* Products */;
			projectDirPath = "";
			projectRoot = "";
			targets = (
				37EEA4082435143600750CDB /* Example */,
			);
		};
/* End PBXProject section */

/* Begin PBXResourcesBuildPhase section */
		37EEA4072435143600750CDB /* Resources */ = {
			isa = PBXResourcesBuildPhase;
			buildActionMask = 2147483647;
			files = (
				37EEA4192435143700750CDB /* LaunchScreen.storyboard in Resources */,
				37EEA4162435143700750CDB /* Assets.xcassets in Resources */,
				37EEA4142435143600750CDB /* Main.storyboard in Resources */,
			);
			runOnlyForDeploymentPostprocessing = 0;
		};
/* End PBXResourcesBuildPhase section */

/* Begin PBXShellScriptBuildPhase section */
		C5D75D4CE908897F92040874 /* [CP] Check Pods Manifest.lock */ = {
			isa = PBXShellScriptBuildPhase;
			buildActionMask = 2147483647;
			files = (
			);
			inputFileListPaths = (
			);
			inputPaths = (
				"${PODS_PODFILE_DIR_PATH}/Podfile.lock",
				"${PODS_ROOT}/Manifest.lock",
			);
			name = "[CP] Check Pods Manifest.lock";
			outputFileListPaths = (
			);
			outputPaths = (
				"$(DERIVED_FILE_DIR)/Pods-Example-checkManifestLockResult.txt",
			);
			runOnlyForDeploymentPostprocessing = 0;
			shellPath = /bin/sh;
			shellScript = "diff \"${PODS_PODFILE_DIR_PATH}/Podfile.lock\" \"${PODS_ROOT}/Manifest.lock\" > /dev/null\nif [ $? != 0 ] ; then\n    # print error to STDERR\n    echo \"error: The sandbox is not in sync with the Podfile.lock. Run 'pod install' or update your CocoaPods installation.\" >&2\n    exit 1\nfi\n# This output is used by Xcode 'outputs' to avoid re-running this script phase.\necho \"SUCCESS\" > \"${SCRIPT_OUTPUT_FILE_0}\"\n";
			showEnvVarsInLog = 0;
		};
		E85A59B124B8E95CA7B3CF27 /* [CP] Embed Pods Frameworks */ = {
			isa = PBXShellScriptBuildPhase;
			buildActionMask = 2147483647;
			files = (
			);
			inputFileListPaths = (
				"${PODS_ROOT}/Target Support Files/Pods-Example/Pods-Example-frameworks-${CONFIGURATION}-input-files.xcfilelist",
			);
			name = "[CP] Embed Pods Frameworks";
			outputFileListPaths = (
				"${PODS_ROOT}/Target Support Files/Pods-Example/Pods-Example-frameworks-${CONFIGURATION}-output-files.xcfilelist",
			);
			runOnlyForDeploymentPostprocessing = 0;
			shellPath = /bin/sh;
			shellScript = "\"${PODS_ROOT}/Target Support Files/Pods-Example/Pods-Example-frameworks.sh\"\n";
			showEnvVarsInLog = 0;
		};
/* End PBXShellScriptBuildPhase section */

/* Begin PBXSourcesBuildPhase section */
		37EEA4052435143600750CDB /* Sources */ = {
			isa = PBXSourcesBuildPhase;
			buildActionMask = 2147483647;
			files = (
				6AB2439A29478874005F7A79 /* HandLandmarkTrackingGpu.swift in Sources */,
				37F8488E243515D80078042B /* Camera.swift in Sources */,
				37EEA4112435143600750CDB /* ViewController.swift in Sources */,
				6AB2439C294788E6005F7A79 /* PacketReceiver.swift in Sources */,
				37EEA40D2435143600750CDB /* AppDelegate.swift in Sources */,
				37EEA40F2435143600750CDB /* SceneDelegate.swift in Sources */,
				6AB243A32947B0CE005F7A79 /* GangstureModel.mlmodel in Sources */,
				6AB243982946914E005F7A79 /* GangstureHandModel.mlmodel in Sources */,
				6AB243A129478BAB005F7A79 /* TelloVideoH264Decoder.swift in Sources */,
			);
			runOnlyForDeploymentPostprocessing = 0;
		};
/* End PBXSourcesBuildPhase section */

/* Begin PBXVariantGroup section */
		37EEA4122435143600750CDB /* Main.storyboard */ = {
			isa = PBXVariantGroup;
			children = (
				37EEA4132435143600750CDB /* Base */,
			);
			name = Main.storyboard;
			sourceTree = "<group>";
		};
		37EEA4172435143700750CDB /* LaunchScreen.storyboard */ = {
			isa = PBXVariantGroup;
			children = (
				37EEA4182435143700750CDB /* Base */,
			);
			name = LaunchScreen.storyboard;
			sourceTree = "<group>";
		};
/* End PBXVariantGroup section */

/* Begin XCBuildConfiguration section */
		37EEA41B2435143700750CDB /* Debug */ = {
			isa = XCBuildConfiguration;
			buildSettings = {
				ALWAYS_SEARCH_USER_PATHS = NO;
				CLANG_ANALYZER_NONNULL = YES;
				CLANG_ANALYZER_NUMBER_OBJECT_CONVERSION = YES_AGGRESSIVE;
				CLANG_CXX_LANGUAGE_STANDARD = "gnu++14";
				CLANG_CXX_LIBRARY = "libc++";
				CLANG_ENABLE_MODULES = YES;
				CLANG_ENABLE_OBJC_ARC = YES;
				CLANG_ENABLE_OBJC_WEAK = YES;
				CLANG_WARN_BLOCK_CAPTURE_AUTORELEASING = YES;
				CLANG_WARN_BOOL_CONVERSION = YES;
				CLANG_WARN_COMMA = YES;
				CLANG_WARN_CONSTANT_CONVERSION = YES;
				CLANG_WARN_DEPRECATED_OBJC_IMPLEMENTATIONS = YES;
				CLANG_WARN_DIRECT_OBJC_ISA_USAGE = YES_ERROR;
				CLANG_WARN_DOCUMENTATION_COMMENTS = YES;
				CLANG_WARN_EMPTY_BODY = YES;
				CLANG_WARN_ENUM_CONVERSION = YES;
				CLANG_WARN_INFINITE_RECURSION = YES;
				CLANG_WARN_INT_CONVERSION = YES;
				CLANG_WARN_NON_LITERAL_NULL_CONVERSION = YES;
				CLANG_WARN_OBJC_IMPLICIT_RETAIN_SELF = YES;
				CLANG_WARN_OBJC_LITERAL_CONVERSION = YES;
				CLANG_WARN_OBJC_ROOT_CLASS = YES_ERROR;
				CLANG_WARN_RANGE_LOOP_ANALYSIS = YES;
				CLANG_WARN_STRICT_PROTOTYPES = YES;
				CLANG_WARN_SUSPICIOUS_MOVE = YES;
				CLANG_WARN_UNGUARDED_AVAILABILITY = YES_AGGRESSIVE;
				CLANG_WARN_UNREACHABLE_CODE = YES;
				CLANG_WARN__DUPLICATE_METHOD_MATCH = YES;
				COPY_PHASE_STRIP = NO;
				DEBUG_INFORMATION_FORMAT = dwarf;
				ENABLE_STRICT_OBJC_MSGSEND = YES;
				ENABLE_TESTABILITY = YES;
				GCC_C_LANGUAGE_STANDARD = gnu11;
				GCC_DYNAMIC_NO_PIC = NO;
				GCC_NO_COMMON_BLOCKS = YES;
				GCC_OPTIMIZATION_LEVEL = 0;
				GCC_PREPROCESSOR_DEFINITIONS = (
					"DEBUG=1",
					"$(inherited)",
				);
				GCC_WARN_64_TO_32_BIT_CONVERSION = YES;
				GCC_WARN_ABOUT_RETURN_TYPE = YES_ERROR;
				GCC_WARN_UNDECLARED_SELECTOR = YES;
				GCC_WARN_UNINITIALIZED_AUTOS = YES_AGGRESSIVE;
				GCC_WARN_UNUSED_FUNCTION = YES;
				GCC_WARN_UNUSED_VARIABLE = YES;
				IPHONEOS_DEPLOYMENT_TARGET = 14.0;
				MTL_ENABLE_DEBUG_INFO = INCLUDE_SOURCE;
				MTL_FAST_MATH = YES;
				ONLY_ACTIVE_ARCH = YES;
				SDKROOT = iphoneos;
				SWIFT_ACTIVE_COMPILATION_CONDITIONS = DEBUG;
				SWIFT_OPTIMIZATION_LEVEL = "-Onone";
			};
			name = Debug;
		};
		37EEA41C2435143700750CDB /* Release */ = {
			isa = XCBuildConfiguration;
			buildSettings = {
				ALWAYS_SEARCH_USER_PATHS = NO;
				CLANG_ANALYZER_NONNULL = YES;
				CLANG_ANALYZER_NUMBER_OBJECT_CONVERSION = YES_AGGRESSIVE;
				CLANG_CXX_LANGUAGE_STANDARD = "gnu++14";
				CLANG_CXX_LIBRARY = "libc++";
				CLANG_ENABLE_MODULES = YES;
				CLANG_ENABLE_OBJC_ARC = YES;
				CLANG_ENABLE_OBJC_WEAK = YES;
				CLANG_WARN_BLOCK_CAPTURE_AUTORELEASING = YES;
				CLANG_WARN_BOOL_CONVERSION = YES;
				CLANG_WARN_COMMA = YES;
				CLANG_WARN_CONSTANT_CONVERSION = YES;
				CLANG_WARN_DEPRECATED_OBJC_IMPLEMENTATIONS = YES;
				CLANG_WARN_DIRECT_OBJC_ISA_USAGE = YES_ERROR;
				CLANG_WARN_DOCUMENTATION_COMMENTS = YES;
				CLANG_WARN_EMPTY_BODY = YES;
				CLANG_WARN_ENUM_CONVERSION = YES;
				CLANG_WARN_INFINITE_RECURSION = YES;
				CLANG_WARN_INT_CONVERSION = YES;
				CLANG_WARN_NON_LITERAL_NULL_CONVERSION = YES;
				CLANG_WARN_OBJC_IMPLICIT_RETAIN_SELF = YES;
				CLANG_WARN_OBJC_LITERAL_CONVERSION = YES;
				CLANG_WARN_OBJC_ROOT_CLASS = YES_ERROR;
				CLANG_WARN_RANGE_LOOP_ANALYSIS = YES;
				CLANG_WARN_STRICT_PROTOTYPES = YES;
				CLANG_WARN_SUSPICIOUS_MOVE = YES;
				CLANG_WARN_UNGUARDED_AVAILABILITY = YES_AGGRESSIVE;
				CLANG_WARN_UNREACHABLE_CODE = YES;
				CLANG_WARN__DUPLICATE_METHOD_MATCH = YES;
				COPY_PHASE_STRIP = NO;
				DEBUG_INFORMATION_FORMAT = "dwarf-with-dsym";
				ENABLE_NS_ASSERTIONS = NO;
				ENABLE_STRICT_OBJC_MSGSEND = YES;
				GCC_C_LANGUAGE_STANDARD = gnu11;
				GCC_NO_COMMON_BLOCKS = YES;
				GCC_WARN_64_TO_32_BIT_CONVERSION = YES;
				GCC_WARN_ABOUT_RETURN_TYPE = YES_ERROR;
				GCC_WARN_UNDECLARED_SELECTOR = YES;
				GCC_WARN_UNINITIALIZED_AUTOS = YES_AGGRESSIVE;
				GCC_WARN_UNUSED_FUNCTION = YES;
				GCC_WARN_UNUSED_VARIABLE = YES;
				IPHONEOS_DEPLOYMENT_TARGET = 14.0;
				MTL_ENABLE_DEBUG_INFO = NO;
				MTL_FAST_MATH = YES;
				SDKROOT = iphoneos;
				SWIFT_COMPILATION_MODE = wholemodule;
				SWIFT_OPTIMIZATION_LEVEL = "-O";
				VALIDATE_PRODUCT = YES;
			};
			name = Release;
		};
		37EEA41E2435143700750CDB /* Debug */ = {
			isa = XCBuildConfiguration;
			baseConfigurationReference = A044C3E52F7E9F119AA10B33 /* Pods-Example.debug.xcconfig */;
			buildSettings = {
				ASSETCATALOG_COMPILER_APPICON_NAME = AppIcon;
				CLANG_ENABLE_MODULES = YES;
				CODE_SIGN_ENTITLEMENTS = Example/ExampleDebug.entitlements;
				CODE_SIGN_IDENTITY = "Apple Development";
				CODE_SIGN_STYLE = Automatic;
				DEVELOPMENT_TEAM = 3H85AXMVD3;
				FRAMEWORK_SEARCH_PATHS = (
					"$(inherited)",
					"$(PROJECT_DIR)/Carthage/Build/iOS",
				);
				HEADER_SEARCH_PATHS = "$(PROJECT_DIR)/Carthage/Build/iOS";
				INFOPLIST_FILE = Example/Info.plist;
				LD_RUNPATH_SEARCH_PATHS = (
					"$(inherited)",
					"@executable_path/Frameworks",
				);
				PRODUCT_BUNDLE_IDENTIFIER = yujin.handTracker.Example;
				PRODUCT_NAME = "$(TARGET_NAME)";
				PROVISIONING_PROFILE_SPECIFIER = "";
				SUPPORTED_PLATFORMS = "iphoneos iphonesimulator";
				SUPPORTS_MACCATALYST = NO;
				SUPPORTS_MAC_DESIGNED_FOR_IPHONE_IPAD = YES;
				SWIFT_OPTIMIZATION_LEVEL = "-Onone";
				SWIFT_VERSION = 5.0;
				TARGETED_DEVICE_FAMILY = "1,2";
			};
			name = Debug;
		};
		37EEA41F2435143700750CDB /* Release */ = {
			isa = XCBuildConfiguration;
			baseConfigurationReference = CD79B9A1357C0D0A1DD28571 /* Pods-Example.release.xcconfig */;
			buildSettings = {
				ASSETCATALOG_COMPILER_APPICON_NAME = AppIcon;
				CLANG_ENABLE_MODULES = YES;
				"CODE_SIGN_IDENTITY[sdk=iphoneos*]" = "iPhone Developer";
				CODE_SIGN_STYLE = Manual;
				DEVELOPMENT_TEAM = "";
				"DEVELOPMENT_TEAM[sdk=iphoneos*]" = M6R3VL65AY;
				FRAMEWORK_SEARCH_PATHS = (
					"$(inherited)",
					"$(PROJECT_DIR)/Carthage/Build/iOS",
				);
				HEADER_SEARCH_PATHS = "$(PROJECT_DIR)/Carthage/Build/iOS";
				INFOPLIST_FILE = Example/Info.plist;
				LD_RUNPATH_SEARCH_PATHS = (
					"$(inherited)",
					"@executable_path/Frameworks",
				);
				PRODUCT_BUNDLE_IDENTIFIER = dev.noppe.handTracker.Example;
				PRODUCT_NAME = "$(TARGET_NAME)";
				PROVISIONING_PROFILE_SPECIFIER = "";
				"PROVISIONING_PROFILE_SPECIFIER[sdk=iphoneos*]" = "RND wildcard";
				SUPPORTED_PLATFORMS = "iphoneos iphonesimulator";
				SUPPORTS_MACCATALYST = NO;
				SUPPORTS_MAC_DESIGNED_FOR_IPHONE_IPAD = YES;
				SWIFT_VERSION = 5.0;
				TARGETED_DEVICE_FAMILY = "1,2";
			};
			name = Release;
		};
/* End XCBuildConfiguration section */

/* Begin XCConfigurationList section */
		37EEA4042435143600750CDB /* Build configuration list for PBXProject "Example" */ = {
			isa = XCConfigurationList;
			buildConfigurations = (
				37EEA41B2435143700750CDB /* Debug */,
				37EEA41C2435143700750CDB /* Release */,
			);
			defaultConfigurationIsVisible = 0;
			defaultConfigurationName = Release;
		};
		37EEA41D2435143700750CDB /* Build configuration list for PBXNativeTarget "Example" */ = {
			isa = XCConfigurationList;
			buildConfigurations = (
				37EEA41E2435143700750CDB /* Debug */,
				37EEA41F2435143700750CDB /* Release */,
			);
			defaultConfigurationIsVisible = 0;
			defaultConfigurationName = Release;
		};
/* End XCConfigurationList section */

/* Begin XCRemoteSwiftPackageReference section */
		6AB2439D29478B42005F7A79 /* XCRemoteSwiftPackageReference "TelloSwift" */ = {
			isa = XCRemoteSwiftPackageReference;
			repositoryURL = "https://github.com/liuxuan30/TelloSwift";
			requirement = {
				branch = master;
				kind = branch;
			};
		};
/* End XCRemoteSwiftPackageReference section */

/* Begin XCSwiftPackageProductDependency section */
		6AB2439E29478B42005F7A79 /* TelloSwift */ = {
			isa = XCSwiftPackageProductDependency;
			package = 6AB2439D29478B42005F7A79 /* XCRemoteSwiftPackageReference "TelloSwift" */;
			productName = TelloSwift;
		};
/* End XCSwiftPackageProductDependency section */
	};
	rootObject = 37EEA4012435143600750CDB /* Project object */;
}
